
Microsoft Visual Studio Solution File, Format Version 12.00
# Visual Studio Version 17
VisualStudioVersion = 17.13.35806.99 d17.13
MinimumVisualStudioVersion = 10.0.40219.1
Project("{FAE04EC0-301F-11D3-BF4B-00C04F79EFBC}") = "WpfApp1", "WpfApp1\WpfApp1.csproj", "{00E6C237-0485-43FD-BE6A-9A16DBBFDE3D}"
EndProject
Global
	GlobalSection(SolutionConfigurationPlatforms) = preSolution
		Debug|Any CPU = Debug|Any CPU
		Release|Any CPU = Release|Any CPU
	EndGlobalSection
	GlobalSection(ProjectConfigurationPlatforms) = postSolution
		{00E6C237-0485-43FD-BE6A-9A16DBBFDE3D}.Debug|Any CPU.ActiveCfg = Debug|Any CPU
		{00E6C237-0485-43FD-BE6A-9A16DBBFDE3D}.Debug|Any CPU.Build.0 = Debug|Any CPU
		{00E6C237-0485-43FD-BE6A-9A16DBBFDE3D}.Release|Any CPU.ActiveCfg = Release|Any CPU
		{00E6C237-0485-43FD-BE6A-9A16DBBFDE3D}.Release|Any CPU.Build.0 = Release|Any CPU
	EndGlobalSection
	GlobalSection(SolutionProperties) = preSolution
		HideSolutionNode = FALSE
	EndGlobalSection
	GlobalSection(ExtensibilityGlobals) = postSolution
		SolutionGuid = {FB46F53F-3A8B-4F8D-9EFF-2FC6DD7C03E6}
	EndGlobalSection
EndGlobal
